
Microsoft Visual Studio Solution File, Format Version 12.00
# Visual Studio Version 16
VisualStudioVersion = 16.0.30523.141
MinimumVisualStudioVersion = 10.0.40219.1
Project("{FAE04EC0-301F-11D3-BF4B-00C04F79EFBC}") = "Macket", "Macket\Macket.csproj", "{3E680C44-7E7C-4950-9856-DE13F47A4E32}"
EndProject
Global
	GlobalSection(SolutionConfigurationPlatforms) = preSolution
		Debug|Any CPU = Debug|Any CPU
		Release|Any CPU = Release|Any CPU
	EndGlobalSection
	GlobalSection(ProjectConfigurationPlatforms) = postSolution
		{3E680C44-7E7C-4950-9856-DE13F47A4E32}.Debug|Any CPU.ActiveCfg = Debug|Any CPU
		{3E680C44-7E7C-4950-9856-DE13F47A4E32}.Debug|Any CPU.Build.0 = Debug|Any CPU
		{3E680C44-7E7C-4950-9856-DE13F47A4E32}.Release|Any CPU.ActiveCfg = Release|Any CPU
		{3E680C44-7E7C-4950-9856-DE13F47A4E32}.Release|Any CPU.Build.0 = Release|Any CPU
	EndGlobalSection
	GlobalSection(SolutionProperties) = preSolution
		HideSolutionNode = FALSE
	EndGlobalSection
	GlobalSection(ExtensibilityGlobals) = postSolution
		SolutionGuid = {6905D90D-A48C-4CFD-9CD8-0791C404767F}
	EndGlobalSection
EndGlobal
